{
  "name": "SonicBoomContracts",
  "lockfileVersion": 3,
  "requires": true,
  "packages": {
    "": {
      "devDependencies": {
        "@soliditylabs/erc721-permit": "^1.0.0"
      }
    },
    "node_modules/@soliditylabs/erc721-permit": {
      "version": "1.0.0",
      "resolved": "https://registry.npmjs.org/@soliditylabs/erc721-permit/-/erc721-permit-1.0.0.tgz",
      "integrity": "sha512-H2sMj4iufJv3mfnVv3LbYvyjaHJyXuJyXmQfNEAvpNzZytfQRGbFvWfLwkE7p4QCc5XbRmIDmrz0J+tavbLumQ==",
      "dev": true
    }
  }
}
